
Microsoft Visual Studio Solution File, Format Version 12.00
# Visual Studio 14
VisualStudioVersion = 14.0.25420.1
MinimumVisualStudioVersion = 10.0.40219.1
Project("{FAE04EC0-301F-11D3-BF4B-00C04F79EFBC}") = "XamarinXamlStudy", "XamarinXamlStudy\XamarinXamlStudy\XamarinXamlStudy.csproj", "{2BFE1D4D-0E9A-4F57-AE60-D864AC7C6F6A}"
EndProject
Project("{FAE04EC0-301F-11D3-BF4B-00C04F79EFBC}") = "XamarinXamlStudy.Droid", "XamarinXamlStudy\XamarinXamlStudy.Droid\XamarinXamlStudy.Droid.csproj", "{07D1AF97-DF72-48B0-97E1-670C95E48CCD}"
EndProject
Project("{FAE04EC0-301F-11D3-BF4B-00C04F79EFBC}") = "XamarinXamlStudy.iOS", "XamarinXamlStudy\XamarinXamlStudy.iOS\XamarinXamlStudy.iOS.csproj", "{99893641-5A25-47CC-A97E-326C3CD0664A}"
EndProject
Project("{FAE04EC0-301F-11D3-BF4B-00C04F79EFBC}") = "XamarinXamlStudy.WinPhone", "XamarinXamlStudy\XamarinXamlStudy.WinPhone\XamarinXamlStudy.WinPhone.csproj", "{88E2B1BF-2218-49D3-85B1-945DCB22AE65}"
EndProject
Project("{FAE04EC0-301F-11D3-BF4B-00C04F79EFBC}") = "XamarinXamlStudy.UWP", "XamarinXamlStudy\XamarinXamlStudy.UWP\XamarinXamlStudy.UWP.csproj", "{48B05240-45BB-4763-8827-4F9C6B167466}"
EndProject
Project("{FAE04EC0-301F-11D3-BF4B-00C04F79EFBC}") = "XamarinXamlStudy.Windows", "XamarinXamlStudy\XamarinXamlStudy.Windows\XamarinXamlStudy.Windows.csproj", "{78DD080C-0928-4933-AAB9-CEA98419569A}"
EndProject
Global
	GlobalSection(SolutionConfigurationPlatforms) = preSolution
		Ad-Hoc|Any CPU = Ad-Hoc|Any CPU
		Ad-Hoc|ARM = Ad-Hoc|ARM
		Ad-Hoc|iPhone = Ad-Hoc|iPhone
		Ad-Hoc|iPhoneSimulator = Ad-Hoc|iPhoneSimulator
		Ad-Hoc|x64 = Ad-Hoc|x64
		Ad-Hoc|x86 = Ad-Hoc|x86
		AppStore|Any CPU = AppStore|Any CPU
		AppStore|ARM = AppStore|ARM
		AppStore|iPhone = AppStore|iPhone
		AppStore|iPhoneSimulator = AppStore|iPhoneSimulator
		AppStore|x64 = AppStore|x64
		AppStore|x86 = AppStore|x86
		Debug|Any CPU = Debug|Any CPU
		Debug|ARM = Debug|ARM
		Debug|iPhone = Debug|iPhone
		Debug|iPhoneSimulator = Debug|iPhoneSimulator
		Debug|x64 = Debug|x64
		Debug|x86 = Debug|x86
		Release|Any CPU = Release|Any CPU
		Release|ARM = Release|ARM
		Release|iPhone = Release|iPhone
		Release|iPhoneSimulator = Release|iPhoneSimulator
		Release|x64 = Release|x64
		Release|x86 = Release|x86
	EndGlobalSection
	GlobalSection(ProjectConfigurationPlatforms) = postSolution
		{2BFE1D4D-0E9A-4F57-AE60-D864AC7C6F6A}.Ad-Hoc|Any CPU.ActiveCfg = Release|Any CPU
		{2BFE1D4D-0E9A-4F57-AE60-D864AC7C6F6A}.Ad-Hoc|Any CPU.Build.0 = Release|Any CPU
		{2BFE1D4D-0E9A-4F57-AE60-D864AC7C6F6A}.Ad-Hoc|ARM.ActiveCfg = Release|Any CPU
		{2BFE1D4D-0E9A-4F57-AE60-D864AC7C6F6A}.Ad-Hoc|ARM.Build.0 = Release|Any CPU
		{2BFE1D4D-0E9A-4F57-AE60-D864AC7C6F6A}.Ad-Hoc|iPhone.ActiveCfg = Release|Any CPU
		{2BFE1D4D-0E9A-4F57-AE60-D864AC7C6F6A}.Ad-Hoc|iPhone.Build.0 = Release|Any CPU
		{2BFE1D4D-0E9A-4F57-AE60-D864AC7C6F6A}.Ad-Hoc|iPhoneSimulator.ActiveCfg = Release|Any CPU
		{2BFE1D4D-0E9A-4F57-AE60-D864AC7C6F6A}.Ad-Hoc|iPhoneSimulator.Build.0 = Release|Any CPU
		{2BFE1D4D-0E9A-4F57-AE60-D864AC7C6F6A}.Ad-Hoc|x64.ActiveCfg = Release|Any CPU
		{2BFE1D4D-0E9A-4F57-AE60-D864AC7C6F6A}.Ad-Hoc|x64.Build.0 = Release|Any CPU
		{2BFE1D4D-0E9A-4F57-AE60-D864AC7C6F6A}.Ad-Hoc|x86.ActiveCfg = Release|Any CPU
		{2BFE1D4D-0E9A-4F57-AE60-D864AC7C6F6A}.Ad-Hoc|x86.Build.0 = Release|Any CPU
		{2BFE1D4D-0E9A-4F57-AE60-D864AC7C6F6A}.AppStore|Any CPU.ActiveCfg = Release|Any CPU
		{2BFE1D4D-0E9A-4F57-AE60-D864AC7C6F6A}.AppStore|Any CPU.Build.0 = Release|Any CPU
		{2BFE1D4D-0E9A-4F57-AE60-D864AC7C6F6A}.AppStore|ARM.ActiveCfg = Release|Any CPU
		{2BFE1D4D-0E9A-4F57-AE60-D864AC7C6F6A}.AppStore|ARM.Build.0 = Release|Any CPU
		{2BFE1D4D-0E9A-4F57-AE60-D864AC7C6F6A}.AppStore|iPhone.ActiveCfg = Release|Any CPU
		{2BFE1D4D-0E9A-4F57-AE60-D864AC7C6F6A}.AppStore|iPhone.Build.0 = Release|Any CPU
		{2BFE1D4D-0E9A-4F57-AE60-D864AC7C6F6A}.AppStore|iPhoneSimulator.ActiveCfg = Release|Any CPU
		{2BFE1D4D-0E9A-4F57-AE60-D864AC7C6F6A}.AppStore|iPhoneSimulator.Build.0 = Release|Any CPU
		{2BFE1D4D-0E9A-4F57-AE60-D864AC7C6F6A}.AppStore|x64.ActiveCfg = Release|Any CPU
		{2BFE1D4D-0E9A-4F57-AE60-D864AC7C6F6A}.AppStore|x64.Build.0 = Release|Any CPU
		{2BFE1D4D-0E9A-4F57-AE60-D864AC7C6F6A}.AppStore|x86.ActiveCfg = Release|Any CPU
		{2BFE1D4D-0E9A-4F57-AE60-D864AC7C6F6A}.AppStore|x86.Build.0 = Release|Any CPU
		{2BFE1D4D-0E9A-4F57-AE60-D864AC7C6F6A}.Debug|Any CPU.ActiveCfg = Debug|Any CPU
		{2BFE1D4D-0E9A-4F57-AE60-D864AC7C6F6A}.Debug|Any CPU.Build.0 = Debug|Any CPU
		{2BFE1D4D-0E9A-4F57-AE60-D864AC7C6F6A}.Debug|ARM.ActiveCfg = Debug|Any CPU
		{2BFE1D4D-0E9A-4F57-AE60-D864AC7C6F6A}.Debug|ARM.Build.0 = Debug|Any CPU
		{2BFE1D4D-0E9A-4F57-AE60-D864AC7C6F6A}.Debug|iPhone.ActiveCfg = Debug|Any CPU
		{2BFE1D4D-0E9A-4F57-AE60-D864AC7C6F6A}.Debug|iPhone.Build.0 = Debug|Any CPU
		{2BFE1D4D-0E9A-4F57-AE60-D864AC7C6F6A}.Debug|iPhoneSimulator.ActiveCfg = Debug|Any CPU
		{2BFE1D4D-0E9A-4F57-AE60-D864AC7C6F6A}.Debug|iPhoneSimulator.Build.0 = Debug|Any CPU
		{2BFE1D4D-0E9A-4F57-AE60-D864AC7C6F6A}.Debug|x64.ActiveCfg = Debug|Any CPU
		{2BFE1D4D-0E9A-4F57-AE60-D864AC7C6F6A}.Debug|x64.Build.0 = Debug|Any CPU
		{2BFE1D4D-0E9A-4F57-AE60-D864AC7C6F6A}.Debug|x86.ActiveCfg = Debug|Any CPU
		{2BFE1D4D-0E9A-4F57-AE60-D864AC7C6F6A}.Debug|x86.Build.0 = Debug|Any CPU
		{2BFE1D4D-0E9A-4F57-AE60-D864AC7C6F6A}.Release|Any CPU.ActiveCfg = Release|Any CPU
		{2BFE1D4D-0E9A-4F57-AE60-D864AC7C6F6A}.Release|Any CPU.Build.0 = Release|Any CPU
		{2BFE1D4D-0E9A-4F57-AE60-D864AC7C6F6A}.Release|ARM.ActiveCfg = Release|Any CPU
		{2BFE1D4D-0E9A-4F57-AE60-D864AC7C6F6A}.Release|ARM.Build.0 = Release|Any CPU
		{2BFE1D4D-0E9A-4F57-AE60-D864AC7C6F6A}.Release|iPhone.ActiveCfg = Release|Any CPU
		{2BFE1D4D-0E9A-4F57-AE60-D864AC7C6F6A}.Release|iPhone.Build.0 = Release|Any CPU
		{2BFE1D4D-0E9A-4F57-AE60-D864AC7C6F6A}.Release|iPhoneSimulator.ActiveCfg = Release|Any CPU
		{2BFE1D4D-0E9A-4F57-AE60-D864AC7C6F6A}.Release|iPhoneSimulator.Build.0 = Release|Any CPU
		{2BFE1D4D-0E9A-4F57-AE60-D864AC7C6F6A}.Release|x64.ActiveCfg = Release|Any CPU
		{2BFE1D4D-0E9A-4F57-AE60-D864AC7C6F6A}.Release|x64.Build.0 = Release|Any CPU
		{2BFE1D4D-0E9A-4F57-AE60-D864AC7C6F6A}.Release|x86.ActiveCfg = Release|Any CPU
		{2BFE1D4D-0E9A-4F57-AE60-D864AC7C6F6A}.Release|x86.Build.0 = Release|Any CPU
		{07D1AF97-DF72-48B0-97E1-670C95E48CCD}.Ad-Hoc|Any CPU.ActiveCfg = Release|Any CPU
		{07D1AF97-DF72-48B0-97E1-670C95E48CCD}.Ad-Hoc|Any CPU.Build.0 = Release|Any CPU
		{07D1AF97-DF72-48B0-97E1-670C95E48CCD}.Ad-Hoc|Any CPU.Deploy.0 = Release|Any CPU
		{07D1AF97-DF72-48B0-97E1-670C95E48CCD}.Ad-Hoc|ARM.ActiveCfg = Release|Any CPU
		{07D1AF97-DF72-48B0-97E1-670C95E48CCD}.Ad-Hoc|ARM.Build.0 = Release|Any CPU
		{07D1AF97-DF72-48B0-97E1-670C95E48CCD}.Ad-Hoc|ARM.Deploy.0 = Release|Any CPU
		{07D1AF97-DF72-48B0-97E1-670C95E48CCD}.Ad-Hoc|iPhone.ActiveCfg = Release|Any CPU
		{07D1AF97-DF72-48B0-97E1-670C95E48CCD}.Ad-Hoc|iPhone.Build.0 = Release|Any CPU
		{07D1AF97-DF72-48B0-97E1-670C95E48CCD}.Ad-Hoc|iPhone.Deploy.0 = Release|Any CPU
		{07D1AF97-DF72-48B0-97E1-670C95E48CCD}.Ad-Hoc|iPhoneSimulator.ActiveCfg = Release|Any CPU
		{07D1AF97-DF72-48B0-97E1-670C95E48CCD}.Ad-Hoc|iPhoneSimulator.Build.0 = Release|Any CPU
		{07D1AF97-DF72-48B0-97E1-670C95E48CCD}.Ad-Hoc|iPhoneSimulator.Deploy.0 = Release|Any CPU
		{07D1AF97-DF72-48B0-97E1-670C95E48CCD}.Ad-Hoc|x64.ActiveCfg = Release|Any CPU
		{07D1AF97-DF72-48B0-97E1-670C95E48CCD}.Ad-Hoc|x64.Build.0 = Release|Any CPU
		{07D1AF97-DF72-48B0-97E1-670C95E48CCD}.Ad-Hoc|x64.Deploy.0 = Release|Any CPU
		{07D1AF97-DF72-48B0-97E1-670C95E48CCD}.Ad-Hoc|x86.ActiveCfg = Release|Any CPU
		{07D1AF97-DF72-48B0-97E1-670C95E48CCD}.Ad-Hoc|x86.Build.0 = Release|Any CPU
		{07D1AF97-DF72-48B0-97E1-670C95E48CCD}.Ad-Hoc|x86.Deploy.0 = Release|Any CPU
		{07D1AF97-DF72-48B0-97E1-670C95E48CCD}.AppStore|Any CPU.ActiveCfg = Release|Any CPU
		{07D1AF97-DF72-48B0-97E1-670C95E48CCD}.AppStore|Any CPU.Build.0 = Release|Any CPU
		{07D1AF97-DF72-48B0-97E1-670C95E48CCD}.AppStore|Any CPU.Deploy.0 = Release|Any CPU
		{07D1AF97-DF72-48B0-97E1-670C95E48CCD}.AppStore|ARM.ActiveCfg = Release|Any CPU
		{07D1AF97-DF72-48B0-97E1-670C95E48CCD}.AppStore|ARM.Build.0 = Release|Any CPU
		{07D1AF97-DF72-48B0-97E1-670C95E48CCD}.AppStore|ARM.Deploy.0 = Release|Any CPU
		{07D1AF97-DF72-48B0-97E1-670C95E48CCD}.AppStore|iPhone.ActiveCfg = Release|Any CPU
		{07D1AF97-DF72-48B0-97E1-670C95E48CCD}.AppStore|iPhone.Build.0 = Release|Any CPU
		{07D1AF97-DF72-48B0-97E1-670C95E48CCD}.AppStore|iPhone.Deploy.0 = Release|Any CPU
		{07D1AF97-DF72-48B0-97E1-670C95E48CCD}.AppStore|iPhoneSimulator.ActiveCfg = Release|Any CPU
		{07D1AF97-DF72-48B0-97E1-670C95E48CCD}.AppStore|iPhoneSimulator.Build.0 = Release|Any CPU
		{07D1AF97-DF72-48B0-97E1-670C95E48CCD}.AppStore|iPhoneSimulator.Deploy.0 = Release|Any CPU
		{07D1AF97-DF72-48B0-97E1-670C95E48CCD}.AppStore|x64.ActiveCfg = Release|Any CPU
		{07D1AF97-DF72-48B0-97E1-670C95E48CCD}.AppStore|x64.Build.0 = Release|Any CPU
		{07D1AF97-DF72-48B0-97E1-670C95E48CCD}.AppStore|x64.Deploy.0 = Release|Any CPU
		{07D1AF97-DF72-48B0-97E1-670C95E48CCD}.AppStore|x86.ActiveCfg = Release|Any CPU
		{07D1AF97-DF72-48B0-97E1-670C95E48CCD}.AppStore|x86.Build.0 = Release|Any CPU
		{07D1AF97-DF72-48B0-97E1-670C95E48CCD}.AppStore|x86.Deploy.0 = Release|Any CPU
		{07D1AF97-DF72-48B0-97E1-670C95E48CCD}.Debug|Any CPU.ActiveCfg = Debug|Any CPU
		{07D1AF97-DF72-48B0-97E1-670C95E48CCD}.Debug|Any CPU.Build.0 = Debug|Any CPU
		{07D1AF97-DF72-48B0-97E1-670C95E48CCD}.Debug|Any CPU.Deploy.0 = Debug|Any CPU
		{07D1AF97-DF72-48B0-97E1-670C95E48CCD}.Debug|ARM.ActiveCfg = Debug|Any CPU
		{07D1AF97-DF72-48B0-97E1-670C95E48CCD}.Debug|ARM.Build.0 = Debug|Any CPU
		{07D1AF97-DF72-48B0-97E1-670C95E48CCD}.Debug|ARM.Deploy.0 = Debug|Any CPU
		{07D1AF97-DF72-48B0-97E1-670C95E48CCD}.Debug|iPhone.ActiveCfg = Debug|Any CPU
		{07D1AF97-DF72-48B0-97E1-670C95E48CCD}.Debug|iPhone.Build.0 = Debug|Any CPU
		{07D1AF97-DF72-48B0-97E1-670C95E48CCD}.Debug|iPhone.Deploy.0 = Debug|Any CPU
		{07D1AF97-DF72-48B0-97E1-670C95E48CCD}.Debug|iPhoneSimulator.ActiveCfg = Debug|Any CPU
		{07D1AF97-DF72-48B0-97E1-670C95E48CCD}.Debug|iPhoneSimulator.Build.0 = Debug|Any CPU
		{07D1AF97-DF72-48B0-97E1-670C95E48CCD}.Debug|iPhoneSimulator.Deploy.0 = Debug|Any CPU
		{07D1AF97-DF72-48B0-97E1-670C95E48CCD}.Debug|x64.ActiveCfg = Debug|Any CPU
		{07D1AF97-DF72-48B0-97E1-670C95E48CCD}.Debug|x64.Build.0 = Debug|Any CPU
		{07D1AF97-DF72-48B0-97E1-670C95E48CCD}.Debug|x64.Deploy.0 = Debug|Any CPU
		{07D1AF97-DF72-48B0-97E1-670C95E48CCD}.Debug|x86.ActiveCfg = Debug|Any CPU
		{07D1AF97-DF72-48B0-97E1-670C95E48CCD}.Debug|x86.Build.0 = Debug|Any CPU
		{07D1AF97-DF72-48B0-97E1-670C95E48CCD}.Debug|x86.Deploy.0 = Debug|Any CPU
		{07D1AF97-DF72-48B0-97E1-670C95E48CCD}.Release|Any CPU.ActiveCfg = Release|Any CPU
		{07D1AF97-DF72-48B0-97E1-670C95E48CCD}.Release|Any CPU.Build.0 = Release|Any CPU
		{07D1AF97-DF72-48B0-97E1-670C95E48CCD}.Release|Any CPU.Deploy.0 = Release|Any CPU
		{07D1AF97-DF72-48B0-97E1-670C95E48CCD}.Release|ARM.ActiveCfg = Release|Any CPU
		{07D1AF97-DF72-48B0-97E1-670C95E48CCD}.Release|ARM.Build.0 = Release|Any CPU
		{07D1AF97-DF72-48B0-97E1-670C95E48CCD}.Release|ARM.Deploy.0 = Release|Any CPU
		{07D1AF97-DF72-48B0-97E1-670C95E48CCD}.Release|iPhone.ActiveCfg = Release|Any CPU
		{07D1AF97-DF72-48B0-97E1-670C95E48CCD}.Release|iPhone.Build.0 = Release|Any CPU
		{07D1AF97-DF72-48B0-97E1-670C95E48CCD}.Release|iPhone.Deploy.0 = Release|Any CPU
		{07D1AF97-DF72-48B0-97E1-670C95E48CCD}.Release|iPhoneSimulator.ActiveCfg = Release|Any CPU
		{07D1AF97-DF72-48B0-97E1-670C95E48CCD}.Release|iPhoneSimulator.Build.0 = Release|Any CPU
		{07D1AF97-DF72-48B0-97E1-670C95E48CCD}.Release|iPhoneSimulator.Deploy.0 = Release|Any CPU
		{07D1AF97-DF72-48B0-97E1-670C95E48CCD}.Release|x64.ActiveCfg = Release|Any CPU
		{07D1AF97-DF72-48B0-97E1-670C95E48CCD}.Release|x64.Build.0 = Release|Any CPU
		{07D1AF97-DF72-48B0-97E1-670C95E48CCD}.Release|x64.Deploy.0 = Release|Any CPU
		{07D1AF97-DF72-48B0-97E1-670C95E48CCD}.Release|x86.ActiveCfg = Release|Any CPU
		{07D1AF97-DF72-48B0-97E1-670C95E48CCD}.Release|x86.Build.0 = Release|Any CPU
		{07D1AF97-DF72-48B0-97E1-670C95E48CCD}.Release|x86.Deploy.0 = Release|Any CPU
		{99893641-5A25-47CC-A97E-326C3CD0664A}.Ad-Hoc|Any CPU.ActiveCfg = Ad-Hoc|iPhone
		{99893641-5A25-47CC-A97E-326C3CD0664A}.Ad-Hoc|ARM.ActiveCfg = Ad-Hoc|iPhone
		{99893641-5A25-47CC-A97E-326C3CD0664A}.Ad-Hoc|iPhone.ActiveCfg = Ad-Hoc|iPhone
		{99893641-5A25-47CC-A97E-326C3CD0664A}.Ad-Hoc|iPhone.Build.0 = Ad-Hoc|iPhone
		{99893641-5A25-47CC-A97E-326C3CD0664A}.Ad-Hoc|iPhoneSimulator.ActiveCfg = Ad-Hoc|iPhoneSimulator
		{99893641-5A25-47CC-A97E-326C3CD0664A}.Ad-Hoc|iPhoneSimulator.Build.0 = Ad-Hoc|iPhoneSimulator
		{99893641-5A25-47CC-A97E-326C3CD0664A}.Ad-Hoc|x64.ActiveCfg = Ad-Hoc|iPhone
		{99893641-5A25-47CC-A97E-326C3CD0664A}.Ad-Hoc|x86.ActiveCfg = Ad-Hoc|iPhone
		{99893641-5A25-47CC-A97E-326C3CD0664A}.AppStore|Any CPU.ActiveCfg = AppStore|iPhone
		{99893641-5A25-47CC-A97E-326C3CD0664A}.AppStore|ARM.ActiveCfg = AppStore|iPhone
		{99893641-5A25-47CC-A97E-326C3CD0664A}.AppStore|iPhone.ActiveCfg = AppStore|iPhone
		{99893641-5A25-47CC-A97E-326C3CD0664A}.AppStore|iPhone.Build.0 = AppStore|iPhone
		{99893641-5A25-47CC-A97E-326C3CD0664A}.AppStore|iPhoneSimulator.ActiveCfg = AppStore|iPhoneSimulator
		{99893641-5A25-47CC-A97E-326C3CD0664A}.AppStore|iPhoneSimulator.Build.0 = AppStore|iPhoneSimulator
		{99893641-5A25-47CC-A97E-326C3CD0664A}.AppStore|x64.ActiveCfg = AppStore|iPhone
		{99893641-5A25-47CC-A97E-326C3CD0664A}.AppStore|x86.ActiveCfg = AppStore|iPhone
		{99893641-5A25-47CC-A97E-326C3CD0664A}.Debug|Any CPU.ActiveCfg = Debug|iPhone
		{99893641-5A25-47CC-A97E-326C3CD0664A}.Debug|ARM.ActiveCfg = Debug|iPhone
		{99893641-5A25-47CC-A97E-326C3CD0664A}.Debug|iPhone.ActiveCfg = Debug|iPhone
		{99893641-5A25-47CC-A97E-326C3CD0664A}.Debug|iPhone.Build.0 = Debug|iPhone
		{99893641-5A25-47CC-A97E-326C3CD0664A}.Debug|iPhoneSimulator.ActiveCfg = Debug|iPhoneSimulator
		{99893641-5A25-47CC-A97E-326C3CD0664A}.Debug|iPhoneSimulator.Build.0 = Debug|iPhoneSimulator
		{99893641-5A25-47CC-A97E-326C3CD0664A}.Debug|x64.ActiveCfg = Debug|iPhone
		{99893641-5A25-47CC-A97E-326C3CD0664A}.Debug|x86.ActiveCfg = Debug|iPhone
		{99893641-5A25-47CC-A97E-326C3CD0664A}.Release|Any CPU.ActiveCfg = Release|iPhone
		{99893641-5A25-47CC-A97E-326C3CD0664A}.Release|ARM.ActiveCfg = Release|iPhone
		{99893641-5A25-47CC-A97E-326C3CD0664A}.Release|iPhone.ActiveCfg = Release|iPhone
		{99893641-5A25-47CC-A97E-326C3CD0664A}.Release|iPhone.Build.0 = Release|iPhone
		{99893641-5A25-47CC-A97E-326C3CD0664A}.Release|iPhoneSimulator.ActiveCfg = Release|iPhoneSimulator
		{99893641-5A25-47CC-A97E-326C3CD0664A}.Release|iPhoneSimulator.Build.0 = Release|iPhoneSimulator
		{99893641-5A25-47CC-A97E-326C3CD0664A}.Release|x64.ActiveCfg = Release|iPhone
		{99893641-5A25-47CC-A97E-326C3CD0664A}.Release|x86.ActiveCfg = Release|iPhone
		{88E2B1BF-2218-49D3-85B1-945DCB22AE65}.Ad-Hoc|Any CPU.ActiveCfg = Release|Any CPU
		{88E2B1BF-2218-49D3-85B1-945DCB22AE65}.Ad-Hoc|Any CPU.Build.0 = Release|Any CPU
		{88E2B1BF-2218-49D3-85B1-945DCB22AE65}.Ad-Hoc|Any CPU.Deploy.0 = Release|Any CPU
		{88E2B1BF-2218-49D3-85B1-945DCB22AE65}.Ad-Hoc|ARM.ActiveCfg = Release|ARM
		{88E2B1BF-2218-49D3-85B1-945DCB22AE65}.Ad-Hoc|ARM.Build.0 = Release|ARM
		{88E2B1BF-2218-49D3-85B1-945DCB22AE65}.Ad-Hoc|ARM.Deploy.0 = Release|ARM
		{88E2B1BF-2218-49D3-85B1-945DCB22AE65}.Ad-Hoc|iPhone.ActiveCfg = Release|Any CPU
		{88E2B1BF-2218-49D3-85B1-945DCB22AE65}.Ad-Hoc|iPhone.Build.0 = Release|Any CPU
		{88E2B1BF-2218-49D3-85B1-945DCB22AE65}.Ad-Hoc|iPhone.Deploy.0 = Release|Any CPU
		{88E2B1BF-2218-49D3-85B1-945DCB22AE65}.Ad-Hoc|iPhoneSimulator.ActiveCfg = Release|Any CPU
		{88E2B1BF-2218-49D3-85B1-945DCB22AE65}.Ad-Hoc|iPhoneSimulator.Build.0 = Release|Any CPU
		{88E2B1BF-2218-49D3-85B1-945DCB22AE65}.Ad-Hoc|iPhoneSimulator.Deploy.0 = Release|Any CPU
		{88E2B1BF-2218-49D3-85B1-945DCB22AE65}.Ad-Hoc|x64.ActiveCfg = Release|Any CPU
		{88E2B1BF-2218-49D3-85B1-945DCB22AE65}.Ad-Hoc|x64.Build.0 = Release|Any CPU
		{88E2B1BF-2218-49D3-85B1-945DCB22AE65}.Ad-Hoc|x64.Deploy.0 = Release|Any CPU
		{88E2B1BF-2218-49D3-85B1-945DCB22AE65}.Ad-Hoc|x86.ActiveCfg = Release|x86
		{88E2B1BF-2218-49D3-85B1-945DCB22AE65}.Ad-Hoc|x86.Build.0 = Release|x86
		{88E2B1BF-2218-49D3-85B1-945DCB22AE65}.Ad-Hoc|x86.Deploy.0 = Release|x86
		{88E2B1BF-2218-49D3-85B1-945DCB22AE65}.AppStore|Any CPU.ActiveCfg = Release|Any CPU
		{88E2B1BF-2218-49D3-85B1-945DCB22AE65}.AppStore|Any CPU.Build.0 = Release|Any CPU
		{88E2B1BF-2218-49D3-85B1-945DCB22AE65}.AppStore|Any CPU.Deploy.0 = Release|Any CPU
		{88E2B1BF-2218-49D3-85B1-945DCB22AE65}.AppStore|ARM.ActiveCfg = Release|ARM
		{88E2B1BF-2218-49D3-85B1-945DCB22AE65}.AppStore|ARM.Build.0 = Release|ARM
		{88E2B1BF-2218-49D3-85B1-945DCB22AE65}.AppStore|ARM.Deploy.0 = Release|ARM
		{88E2B1BF-2218-49D3-85B1-945DCB22AE65}.AppStore|iPhone.ActiveCfg = Release|Any CPU
		{88E2B1BF-2218-49D3-85B1-945DCB22AE65}.AppStore|iPhone.Build.0 = Release|Any CPU
		{88E2B1BF-2218-49D3-85B1-945DCB22AE65}.AppStore|iPhone.Deploy.0 = Release|Any CPU
		{88E2B1BF-2218-49D3-85B1-945DCB22AE65}.AppStore|iPhoneSimulator.ActiveCfg = Release|Any CPU
		{88E2B1BF-2218-49D3-85B1-945DCB22AE65}.AppStore|iPhoneSimulator.Build.0 = Release|Any CPU
		{88E2B1BF-2218-49D3-85B1-945DCB22AE65}.AppStore|iPhoneSimulator.Deploy.0 = Release|Any CPU
		{88E2B1BF-2218-49D3-85B1-945DCB22AE65}.AppStore|x64.ActiveCfg = Release|Any CPU
		{88E2B1BF-2218-49D3-85B1-945DCB22AE65}.AppStore|x64.Build.0 = Release|Any CPU
		{88E2B1BF-2218-49D3-85B1-945DCB22AE65}.AppStore|x64.Deploy.0 = Release|Any CPU
		{88E2B1BF-2218-49D3-85B1-945DCB22AE65}.AppStore|x86.ActiveCfg = Release|x86
		{88E2B1BF-2218-49D3-85B1-945DCB22AE65}.AppStore|x86.Build.0 = Release|x86
		{88E2B1BF-2218-49D3-85B1-945DCB22AE65}.AppStore|x86.Deploy.0 = Release|x86
		{88E2B1BF-2218-49D3-85B1-945DCB22AE65}.Debug|Any CPU.ActiveCfg = Debug|Any CPU
		{88E2B1BF-2218-49D3-85B1-945DCB22AE65}.Debug|Any CPU.Build.0 = Debug|Any CPU
		{88E2B1BF-2218-49D3-85B1-945DCB22AE65}.Debug|Any CPU.Deploy.0 = Debug|Any CPU
		{88E2B1BF-2218-49D3-85B1-945DCB22AE65}.Debug|ARM.ActiveCfg = Debug|ARM
		{88E2B1BF-2218-49D3-85B1-945DCB22AE65}.Debug|ARM.Build.0 = Debug|ARM
		{88E2B1BF-2218-49D3-85B1-945DCB22AE65}.Debug|ARM.Deploy.0 = Debug|ARM
		{88E2B1BF-2218-49D3-85B1-945DCB22AE65}.Debug|iPhone.ActiveCfg = Debug|Any CPU
		{88E2B1BF-2218-49D3-85B1-945DCB22AE65}.Debug|iPhone.Build.0 = Debug|Any CPU
		{88E2B1BF-2218-49D3-85B1-945DCB22AE65}.Debug|iPhone.Deploy.0 = Debug|Any CPU
		{88E2B1BF-2218-49D3-85B1-945DCB22AE65}.Debug|iPhoneSimulator.ActiveCfg = Debug|Any CPU
		{88E2B1BF-2218-49D3-85B1-945DCB22AE65}.Debug|iPhoneSimulator.Build.0 = Debug|Any CPU
		{88E2B1BF-2218-49D3-85B1-945DCB22AE65}.Debug|iPhoneSimulator.Deploy.0 = Debug|Any CPU
		{88E2B1BF-2218-49D3-85B1-945DCB22AE65}.Debug|x64.ActiveCfg = Debug|Any CPU
		{88E2B1BF-2218-49D3-85B1-945DCB22AE65}.Debug|x64.Build.0 = Debug|Any CPU
		{88E2B1BF-2218-49D3-85B1-945DCB22AE65}.Debug|x64.Deploy.0 = Debug|Any CPU
		{88E2B1BF-2218-49D3-85B1-945DCB22AE65}.Debug|x86.ActiveCfg = Debug|x86
		{88E2B1BF-2218-49D3-85B1-945DCB22AE65}.Debug|x86.Build.0 = Debug|x86
		{88E2B1BF-2218-49D3-85B1-945DCB22AE65}.Debug|x86.Deploy.0 = Debug|x86
		{88E2B1BF-2218-49D3-85B1-945DCB22AE65}.Release|Any CPU.ActiveCfg = Release|Any CPU
		{88E2B1BF-2218-49D3-85B1-945DCB22AE65}.Release|Any CPU.Build.0 = Release|Any CPU
		{88E2B1BF-2218-49D3-85B1-945DCB22AE65}.Release|Any CPU.Deploy.0 = Release|Any CPU
		{88E2B1BF-2218-49D3-85B1-945DCB22AE65}.Release|ARM.ActiveCfg = Release|ARM
		{88E2B1BF-2218-49D3-85B1-945DCB22AE65}.Release|ARM.Build.0 = Release|ARM
		{88E2B1BF-2218-49D3-85B1-945DCB22AE65}.Release|ARM.Deploy.0 = Release|ARM
		{88E2B1BF-2218-49D3-85B1-945DCB22AE65}.Release|iPhone.ActiveCfg = Release|Any CPU
		{88E2B1BF-2218-49D3-85B1-945DCB22AE65}.Release|iPhone.Build.0 = Release|Any CPU
		{88E2B1BF-2218-49D3-85B1-945DCB22AE65}.Release|iPhone.Deploy.0 = Release|Any CPU
		{88E2B1BF-2218-49D3-85B1-945DCB22AE65}.Release|iPhoneSimulator.ActiveCfg = Release|Any CPU
		{88E2B1BF-2218-49D3-85B1-945DCB22AE65}.Release|iPhoneSimulator.Build.0 = Release|Any CPU
		{88E2B1BF-2218-49D3-85B1-945DCB22AE65}.Release|iPhoneSimulator.Deploy.0 = Release|Any CPU
		{88E2B1BF-2218-49D3-85B1-945DCB22AE65}.Release|x64.ActiveCfg = Release|Any CPU
		{88E2B1BF-2218-49D3-85B1-945DCB22AE65}.Release|x64.Build.0 = Release|Any CPU
		{88E2B1BF-2218-49D3-85B1-945DCB22AE65}.Release|x64.Deploy.0 = Release|Any CPU
		{88E2B1BF-2218-49D3-85B1-945DCB22AE65}.Release|x86.ActiveCfg = Release|x86
		{88E2B1BF-2218-49D3-85B1-945DCB22AE65}.Release|x86.Build.0 = Release|x86
		{88E2B1BF-2218-49D3-85B1-945DCB22AE65}.Release|x86.Deploy.0 = Release|x86
		{48B05240-45BB-4763-8827-4F9C6B167466}.Ad-Hoc|Any CPU.ActiveCfg = Release|x86
		{48B05240-45BB-4763-8827-4F9C6B167466}.Ad-Hoc|Any CPU.Build.0 = Release|x86
		{48B05240-45BB-4763-8827-4F9C6B167466}.Ad-Hoc|Any CPU.Deploy.0 = Release|x86
		{48B05240-45BB-4763-8827-4F9C6B167466}.Ad-Hoc|ARM.ActiveCfg = Release|ARM
		{48B05240-45BB-4763-8827-4F9C6B167466}.Ad-Hoc|ARM.Build.0 = Release|ARM
		{48B05240-45BB-4763-8827-4F9C6B167466}.Ad-Hoc|ARM.Deploy.0 = Release|ARM
		{48B05240-45BB-4763-8827-4F9C6B167466}.Ad-Hoc|iPhone.ActiveCfg = Release|x86
		{48B05240-45BB-4763-8827-4F9C6B167466}.Ad-Hoc|iPhone.Build.0 = Release|x86
		{48B05240-45BB-4763-8827-4F9C6B167466}.Ad-Hoc|iPhone.Deploy.0 = Release|x86
		{48B05240-45BB-4763-8827-4F9C6B167466}.Ad-Hoc|iPhoneSimulator.ActiveCfg = Release|x86
		{48B05240-45BB-4763-8827-4F9C6B167466}.Ad-Hoc|iPhoneSimulator.Build.0 = Release|x86
		{48B05240-45BB-4763-8827-4F9C6B167466}.Ad-Hoc|iPhoneSimulator.Deploy.0 = Release|x86
		{48B05240-45BB-4763-8827-4F9C6B167466}.Ad-Hoc|x64.ActiveCfg = Release|x64
		{48B05240-45BB-4763-8827-4F9C6B167466}.Ad-Hoc|x64.Build.0 = Release|x64
		{48B05240-45BB-4763-8827-4F9C6B167466}.Ad-Hoc|x64.Deploy.0 = Release|x64
		{48B05240-45BB-4763-8827-4F9C6B167466}.Ad-Hoc|x86.ActiveCfg = Release|x86
		{48B05240-45BB-4763-8827-4F9C6B167466}.Ad-Hoc|x86.Build.0 = Release|x86
		{48B05240-45BB-4763-8827-4F9C6B167466}.Ad-Hoc|x86.Deploy.0 = Release|x86
		{48B05240-45BB-4763-8827-4F9C6B167466}.AppStore|Any CPU.ActiveCfg = Release|x86
		{48B05240-45BB-4763-8827-4F9C6B167466}.AppStore|Any CPU.Build.0 = Release|x86
		{48B05240-45BB-4763-8827-4F9C6B167466}.AppStore|Any CPU.Deploy.0 = Release|x86
		{48B05240-45BB-4763-8827-4F9C6B167466}.AppStore|ARM.ActiveCfg = Release|ARM
		{48B05240-45BB-4763-8827-4F9C6B167466}.AppStore|ARM.Build.0 = Release|ARM
		{48B05240-45BB-4763-8827-4F9C6B167466}.AppStore|ARM.Deploy.0 = Release|ARM
		{48B05240-45BB-4763-8827-4F9C6B167466}.AppStore|iPhone.ActiveCfg = Release|x86
		{48B05240-45BB-4763-8827-4F9C6B167466}.AppStore|iPhone.Build.0 = Release|x86
		{48B05240-45BB-4763-8827-4F9C6B167466}.AppStore|iPhone.Deploy.0 = Release|x86
		{48B05240-45BB-4763-8827-4F9C6B167466}.AppStore|iPhoneSimulator.ActiveCfg = Release|x86
		{48B05240-45BB-4763-8827-4F9C6B167466}.AppStore|iPhoneSimulator.Build.0 = Release|x86
		{48B05240-45BB-4763-8827-4F9C6B167466}.AppStore|iPhoneSimulator.Deploy.0 = Release|x86
		{48B05240-45BB-4763-8827-4F9C6B167466}.AppStore|x64.ActiveCfg = Release|x64
		{48B05240-45BB-4763-8827-4F9C6B167466}.AppStore|x64.Build.0 = Release|x64
		{48B05240-45BB-4763-8827-4F9C6B167466}.AppStore|x64.Deploy.0 = Release|x64
		{48B05240-45BB-4763-8827-4F9C6B167466}.AppStore|x86.ActiveCfg = Release|x86
		{48B05240-45BB-4763-8827-4F9C6B167466}.AppStore|x86.Build.0 = Release|x86
		{48B05240-45BB-4763-8827-4F9C6B167466}.AppStore|x86.Deploy.0 = Release|x86
		{48B05240-45BB-4763-8827-4F9C6B167466}.Debug|Any CPU.ActiveCfg = Debug|x86
		{48B05240-45BB-4763-8827-4F9C6B167466}.Debug|ARM.ActiveCfg = Debug|ARM
		{48B05240-45BB-4763-8827-4F9C6B167466}.Debug|ARM.Build.0 = Debug|ARM
		{48B05240-45BB-4763-8827-4F9C6B167466}.Debug|ARM.Deploy.0 = Debug|ARM
		{48B05240-45BB-4763-8827-4F9C6B167466}.Debug|iPhone.ActiveCfg = Debug|x86
		{48B05240-45BB-4763-8827-4F9C6B167466}.Debug|iPhoneSimulator.ActiveCfg = Debug|x86
		{48B05240-45BB-4763-8827-4F9C6B167466}.Debug|x64.ActiveCfg = Debug|x64
		{48B05240-45BB-4763-8827-4F9C6B167466}.Debug|x64.Build.0 = Debug|x64
		{48B05240-45BB-4763-8827-4F9C6B167466}.Debug|x64.Deploy.0 = Debug|x64
		{48B05240-45BB-4763-8827-4F9C6B167466}.Debug|x86.ActiveCfg = Debug|x86
		{48B05240-45BB-4763-8827-4F9C6B167466}.Debug|x86.Build.0 = Debug|x86
		{48B05240-45BB-4763-8827-4F9C6B167466}.Debug|x86.Deploy.0 = Debug|x86
		{48B05240-45BB-4763-8827-4F9C6B167466}.Release|Any CPU.ActiveCfg = Release|x86
		{48B05240-45BB-4763-8827-4F9C6B167466}.Release|ARM.ActiveCfg = Release|ARM
		{48B05240-45BB-4763-8827-4F9C6B167466}.Release|ARM.Build.0 = Release|ARM
		{48B05240-45BB-4763-8827-4F9C6B167466}.Release|ARM.Deploy.0 = Release|ARM
		{48B05240-45BB-4763-8827-4F9C6B167466}.Release|iPhone.ActiveCfg = Release|x86
		{48B05240-45BB-4763-8827-4F9C6B167466}.Release|iPhoneSimulator.ActiveCfg = Release|x86
		{48B05240-45BB-4763-8827-4F9C6B167466}.Release|x64.ActiveCfg = Release|x64
		{48B05240-45BB-4763-8827-4F9C6B167466}.Release|x64.Build.0 = Release|x64
		{48B05240-45BB-4763-8827-4F9C6B167466}.Release|x64.Deploy.0 = Release|x64
		{48B05240-45BB-4763-8827-4F9C6B167466}.Release|x86.ActiveCfg = Release|x86
		{48B05240-45BB-4763-8827-4F9C6B167466}.Release|x86.Build.0 = Release|x86
		{48B05240-45BB-4763-8827-4F9C6B167466}.Release|x86.Deploy.0 = Release|x86
		{78DD080C-0928-4933-AAB9-CEA98419569A}.Ad-Hoc|Any CPU.ActiveCfg = Release|Any CPU
		{78DD080C-0928-4933-AAB9-CEA98419569A}.Ad-Hoc|Any CPU.Build.0 = Release|Any CPU
		{78DD080C-0928-4933-AAB9-CEA98419569A}.Ad-Hoc|Any CPU.Deploy.0 = Release|Any CPU
		{78DD080C-0928-4933-AAB9-CEA98419569A}.Ad-Hoc|ARM.ActiveCfg = Release|ARM
		{78DD080C-0928-4933-AAB9-CEA98419569A}.Ad-Hoc|ARM.Build.0 = Release|ARM
		{78DD080C-0928-4933-AAB9-CEA98419569A}.Ad-Hoc|ARM.Deploy.0 = Release|ARM
		{78DD080C-0928-4933-AAB9-CEA98419569A}.Ad-Hoc|iPhone.ActiveCfg = Release|Any CPU
		{78DD080C-0928-4933-AAB9-CEA98419569A}.Ad-Hoc|iPhone.Build.0 = Release|Any CPU
		{78DD080C-0928-4933-AAB9-CEA98419569A}.Ad-Hoc|iPhone.Deploy.0 = Release|Any CPU
		{78DD080C-0928-4933-AAB9-CEA98419569A}.Ad-Hoc|iPhoneSimulator.ActiveCfg = Release|Any CPU
		{78DD080C-0928-4933-AAB9-CEA98419569A}.Ad-Hoc|iPhoneSimulator.Build.0 = Release|Any CPU
		{78DD080C-0928-4933-AAB9-CEA98419569A}.Ad-Hoc|iPhoneSimulator.Deploy.0 = Release|Any CPU
		{78DD080C-0928-4933-AAB9-CEA98419569A}.Ad-Hoc|x64.ActiveCfg = Release|x64
		{78DD080C-0928-4933-AAB9-CEA98419569A}.Ad-Hoc|x64.Build.0 = Release|x64
		{78DD080C-0928-4933-AAB9-CEA98419569A}.Ad-Hoc|x64.Deploy.0 = Release|x64
		{78DD080C-0928-4933-AAB9-CEA98419569A}.Ad-Hoc|x86.ActiveCfg = Release|x86
		{78DD080C-0928-4933-AAB9-CEA98419569A}.Ad-Hoc|x86.Build.0 = Release|x86
		{78DD080C-0928-4933-AAB9-CEA98419569A}.Ad-Hoc|x86.Deploy.0 = Release|x86
		{78DD080C-0928-4933-AAB9-CEA98419569A}.AppStore|Any CPU.ActiveCfg = Release|Any CPU
		{78DD080C-0928-4933-AAB9-CEA98419569A}.AppStore|Any CPU.Build.0 = Release|Any CPU
		{78DD080C-0928-4933-AAB9-CEA98419569A}.AppStore|Any CPU.Deploy.0 = Release|Any CPU
		{78DD080C-0928-4933-AAB9-CEA98419569A}.AppStore|ARM.ActiveCfg = Release|ARM
		{78DD080C-0928-4933-AAB9-CEA98419569A}.AppStore|ARM.Build.0 = Release|ARM
		{78DD080C-0928-4933-AAB9-CEA98419569A}.AppStore|ARM.Deploy.0 = Release|ARM
		{78DD080C-0928-4933-AAB9-CEA98419569A}.AppStore|iPhone.ActiveCfg = Release|Any CPU
		{78DD080C-0928-4933-AAB9-CEA98419569A}.AppStore|iPhone.Build.0 = Release|Any CPU
		{78DD080C-0928-4933-AAB9-CEA98419569A}.AppStore|iPhone.Deploy.0 = Release|Any CPU
		{78DD080C-0928-4933-AAB9-CEA98419569A}.AppStore|iPhoneSimulator.ActiveCfg = Release|Any CPU
		{78DD080C-0928-4933-AAB9-CEA98419569A}.AppStore|iPhoneSimulator.Build.0 = Release|Any CPU
		{78DD080C-0928-4933-AAB9-CEA98419569A}.AppStore|iPhoneSimulator.Deploy.0 = Release|Any CPU
		{78DD080C-0928-4933-AAB9-CEA98419569A}.AppStore|x64.ActiveCfg = Release|x64
		{78DD080C-0928-4933-AAB9-CEA98419569A}.AppStore|x64.Build.0 = Release|x64
		{78DD080C-0928-4933-AAB9-CEA98419569A}.AppStore|x64.Deploy.0 = Release|x64
		{78DD080C-0928-4933-AAB9-CEA98419569A}.AppStore|x86.ActiveCfg = Release|x86
		{78DD080C-0928-4933-AAB9-CEA98419569A}.AppStore|x86.Build.0 = Release|x86
		{78DD080C-0928-4933-AAB9-CEA98419569A}.AppStore|x86.Deploy.0 = Release|x86
		{78DD080C-0928-4933-AAB9-CEA98419569A}.Debug|Any CPU.ActiveCfg = Debug|Any CPU
		{78DD080C-0928-4933-AAB9-CEA98419569A}.Debug|Any CPU.Build.0 = Debug|Any CPU
		{78DD080C-0928-4933-AAB9-CEA98419569A}.Debug|Any CPU.Deploy.0 = Debug|Any CPU
		{78DD080C-0928-4933-AAB9-CEA98419569A}.Debug|ARM.ActiveCfg = Debug|ARM
		{78DD080C-0928-4933-AAB9-CEA98419569A}.Debug|ARM.Build.0 = Debug|ARM
		{78DD080C-0928-4933-AAB9-CEA98419569A}.Debug|ARM.Deploy.0 = Debug|ARM
		{78DD080C-0928-4933-AAB9-CEA98419569A}.Debug|iPhone.ActiveCfg = Debug|Any CPU
		{78DD080C-0928-4933-AAB9-CEA98419569A}.Debug|iPhone.Build.0 = Debug|Any CPU
		{78DD080C-0928-4933-AAB9-CEA98419569A}.Debug|iPhone.Deploy.0 = Debug|Any CPU
		{78DD080C-0928-4933-AAB9-CEA98419569A}.Debug|iPhoneSimulator.ActiveCfg = Debug|Any CPU
		{78DD080C-0928-4933-AAB9-CEA98419569A}.Debug|iPhoneSimulator.Build.0 = Debug|Any CPU
		{78DD080C-0928-4933-AAB9-CEA98419569A}.Debug|iPhoneSimulator.Deploy.0 = Debug|Any CPU
		{78DD080C-0928-4933-AAB9-CEA98419569A}.Debug|x64.ActiveCfg = Debug|x64
		{78DD080C-0928-4933-AAB9-CEA98419569A}.Debug|x64.Build.0 = Debug|x64
		{78DD080C-0928-4933-AAB9-CEA98419569A}.Debug|x64.Deploy.0 = Debug|x64
		{78DD080C-0928-4933-AAB9-CEA98419569A}.Debug|x86.ActiveCfg = Debug|x86
		{78DD080C-0928-4933-AAB9-CEA98419569A}.Debug|x86.Build.0 = Debug|x86
		{78DD080C-0928-4933-AAB9-CEA98419569A}.Debug|x86.Deploy.0 = Debug|x86
		{78DD080C-0928-4933-AAB9-CEA98419569A}.Release|Any CPU.ActiveCfg = Release|Any CPU
		{78DD080C-0928-4933-AAB9-CEA98419569A}.Release|Any CPU.Build.0 = Release|Any CPU
		{78DD080C-0928-4933-AAB9-CEA98419569A}.Release|Any CPU.Deploy.0 = Release|Any CPU
		{78DD080C-0928-4933-AAB9-CEA98419569A}.Release|ARM.ActiveCfg = Release|ARM
		{78DD080C-0928-4933-AAB9-CEA98419569A}.Release|ARM.Build.0 = Release|ARM
		{78DD080C-0928-4933-AAB9-CEA98419569A}.Release|ARM.Deploy.0 = Release|ARM
		{78DD080C-0928-4933-AAB9-CEA98419569A}.Release|iPhone.ActiveCfg = Release|Any CPU
		{78DD080C-0928-4933-AAB9-CEA98419569A}.Release|iPhone.Build.0 = Release|Any CPU
		{78DD080C-0928-4933-AAB9-CEA98419569A}.Release|iPhone.Deploy.0 = Release|Any CPU
		{78DD080C-0928-4933-AAB9-CEA98419569A}.Release|iPhoneSimulator.ActiveCfg = Release|Any CPU
		{78DD080C-0928-4933-AAB9-CEA98419569A}.Release|iPhoneSimulator.Build.0 = Release|Any CPU
		{78DD080C-0928-4933-AAB9-CEA98419569A}.Release|iPhoneSimulator.Deploy.0 = Release|Any CPU
		{78DD080C-0928-4933-AAB9-CEA98419569A}.Release|x64.ActiveCfg = Release|x64
		{78DD080C-0928-4933-AAB9-CEA98419569A}.Release|x64.Build.0 = Release|x64
		{78DD080C-0928-4933-AAB9-CEA98419569A}.Release|x64.Deploy.0 = Release|x64
		{78DD080C-0928-4933-AAB9-CEA98419569A}.Release|x86.ActiveCfg = Release|x86
		{78DD080C-0928-4933-AAB9-CEA98419569A}.Release|x86.Build.0 = Release|x86
		{78DD080C-0928-4933-AAB9-CEA98419569A}.Release|x86.Deploy.0 = Release|x86
	EndGlobalSection
	GlobalSection(SolutionProperties) = preSolution
		HideSolutionNode = FALSE
	EndGlobalSection
EndGlobal
